
Microsoft Visual Studio Solution File, Format Version 12.00
# Visual Studio 14
VisualStudioVersion = 14.0.25420.1
MinimumVisualStudioVersion = 10.0.40219.1
Project("{FAE04EC0-301F-11D3-BF4B-00C04F79EFBC}") = "MultiplyElements", "MultiplyLists\MultiplyElements.csproj", "{E593018A-63D1-446A-BDCC-2632E91ED4EB}"
EndProject
Project("{FAE04EC0-301F-11D3-BF4B-00C04F79EFBC}") = "RollerCoaster", "RollerCoaster\RollerCoaster.csproj", "{E9D0BF83-1B56-4B00-9FAC-9BDF56DD0E69}"
EndProject
Project("{FAE04EC0-301F-11D3-BF4B-00C04F79EFBC}") = "LongestWordProblem", "LongestWordProblem\LongestWordProblem.csproj", "{04690A2A-83C6-4931-BC16-7AFD6B72F305}"
EndProject
Project("{FAE04EC0-301F-11D3-BF4B-00C04F79EFBC}") = "JSONMenuIds", "JSONMenuIds\JSONMenuIds.csproj", "{38E3F11F-EA36-40F2-8D61-6CAAF33AA623}"
EndProject
Project("{FAE04EC0-301F-11D3-BF4B-00C04F79EFBC}") = "RightmostChar", "RightmostChar\RightmostChar.csproj", "{03679185-A8EB-49A8-87EE-1770B79BE863}"
EndProject
Project("{FAE04EC0-301F-11D3-BF4B-00C04F79EFBC}") = "HiddenDigits", "HiddenDigits\HiddenDigits.csproj", "{6F4131D6-E0E5-4326-B3A7-8203DFB3A399}"
EndProject
Project("{FAE04EC0-301F-11D3-BF4B-00C04F79EFBC}") = "SwapCase", "SwapCase\SwapCase.csproj", "{4745B76C-4088-4237-AF4F-0911F5129C74}"
EndProject
Project("{FAE04EC0-301F-11D3-BF4B-00C04F79EFBC}") = "EvenNumbers", "EvenNumbers\EvenNumbers.csproj", "{7784F2B0-9500-48EA-85E2-ABA7C0D74D5F}"
EndProject
Project("{FAE04EC0-301F-11D3-BF4B-00C04F79EFBC}") = "StringGenerator", "StringGenerator\StringGenerator.csproj", "{0B5ECF29-345A-4B52-98A8-C0FC551494E4}"
EndProject
Project("{FAE04EC0-301F-11D3-BF4B-00C04F79EFBC}") = "SumOfIntegers", "SumOfIntegers\SumOfIntegers.csproj", "{2C2347DE-4BD5-459F-A157-EE7AD2B06657}"
EndProject
Project("{FAE04EC0-301F-11D3-BF4B-00C04F79EFBC}") = "OddNumbers", "OddNumbers\OddNumbers.csproj", "{F45CF885-3382-4D29-907F-B070D7F01B71}"
EndProject
Project("{FAE04EC0-301F-11D3-BF4B-00C04F79EFBC}") = "LowerCaseSwap", "LowerCaseSwap\LowerCaseSwap.csproj", "{473C8CFC-82D2-4286-9A6C-9ABDAC2B4020}"
EndProject
Project("{FAE04EC0-301F-11D3-BF4B-00C04F79EFBC}") = "CabernetOrChardonnay", "CabernetOrChardonnay\CabernetOrChardonnay.csproj", "{62A61362-E216-40B3-8F50-0204FD112493}"
EndProject
Project("{FAE04EC0-301F-11D3-BF4B-00C04F79EFBC}") = "ReadMore", "ReadMore\ReadMore.csproj", "{9BC69B1C-6DBD-4C69-ABF6-25DE9F02F93E}"
EndProject
Project("{FAE04EC0-301F-11D3-BF4B-00C04F79EFBC}") = "BigDigits", "BigDigits\BigDigits.csproj", "{4024F092-9478-4123-91BF-29A7FED6A943}"
EndProject
Project("{FAE04EC0-301F-11D3-BF4B-00C04F79EFBC}") = "MajorElement", "MajorElement\MajorElement.csproj", "{C83D0036-EB52-4D39-9EA4-90A9DCFCA386}"
EndProject
Project("{FAE04EC0-301F-11D3-BF4B-00C04F79EFBC}") = "MixedContent", "MixedContent\MixedContent.csproj", "{C13005B2-4FB6-40C4-9000-1475629E9270}"
EndProject
Global
	GlobalSection(SolutionConfigurationPlatforms) = preSolution
		Debug|Any CPU = Debug|Any CPU
		Release|Any CPU = Release|Any CPU
	EndGlobalSection
	GlobalSection(ProjectConfigurationPlatforms) = postSolution
		{E593018A-63D1-446A-BDCC-2632E91ED4EB}.Debug|Any CPU.ActiveCfg = Debug|Any CPU
		{E593018A-63D1-446A-BDCC-2632E91ED4EB}.Debug|Any CPU.Build.0 = Debug|Any CPU
		{E593018A-63D1-446A-BDCC-2632E91ED4EB}.Release|Any CPU.ActiveCfg = Release|Any CPU
		{E593018A-63D1-446A-BDCC-2632E91ED4EB}.Release|Any CPU.Build.0 = Release|Any CPU
		{E9D0BF83-1B56-4B00-9FAC-9BDF56DD0E69}.Debug|Any CPU.ActiveCfg = Debug|Any CPU
		{E9D0BF83-1B56-4B00-9FAC-9BDF56DD0E69}.Debug|Any CPU.Build.0 = Debug|Any CPU
		{E9D0BF83-1B56-4B00-9FAC-9BDF56DD0E69}.Release|Any CPU.ActiveCfg = Release|Any CPU
		{E9D0BF83-1B56-4B00-9FAC-9BDF56DD0E69}.Release|Any CPU.Build.0 = Release|Any CPU
		{04690A2A-83C6-4931-BC16-7AFD6B72F305}.Debug|Any CPU.ActiveCfg = Debug|Any CPU
		{04690A2A-83C6-4931-BC16-7AFD6B72F305}.Debug|Any CPU.Build.0 = Debug|Any CPU
		{04690A2A-83C6-4931-BC16-7AFD6B72F305}.Release|Any CPU.ActiveCfg = Release|Any CPU
		{04690A2A-83C6-4931-BC16-7AFD6B72F305}.Release|Any CPU.Build.0 = Release|Any CPU
		{38E3F11F-EA36-40F2-8D61-6CAAF33AA623}.Debug|Any CPU.ActiveCfg = Debug|Any CPU
		{38E3F11F-EA36-40F2-8D61-6CAAF33AA623}.Debug|Any CPU.Build.0 = Debug|Any CPU
		{38E3F11F-EA36-40F2-8D61-6CAAF33AA623}.Release|Any CPU.ActiveCfg = Release|Any CPU
		{38E3F11F-EA36-40F2-8D61-6CAAF33AA623}.Release|Any CPU.Build.0 = Release|Any CPU
		{03679185-A8EB-49A8-87EE-1770B79BE863}.Debug|Any CPU.ActiveCfg = Debug|Any CPU
		{03679185-A8EB-49A8-87EE-1770B79BE863}.Debug|Any CPU.Build.0 = Debug|Any CPU
		{03679185-A8EB-49A8-87EE-1770B79BE863}.Release|Any CPU.ActiveCfg = Release|Any CPU
		{03679185-A8EB-49A8-87EE-1770B79BE863}.Release|Any CPU.Build.0 = Release|Any CPU
		{6F4131D6-E0E5-4326-B3A7-8203DFB3A399}.Debug|Any CPU.ActiveCfg = Debug|Any CPU
		{6F4131D6-E0E5-4326-B3A7-8203DFB3A399}.Debug|Any CPU.Build.0 = Debug|Any CPU
		{6F4131D6-E0E5-4326-B3A7-8203DFB3A399}.Release|Any CPU.ActiveCfg = Release|Any CPU
		{6F4131D6-E0E5-4326-B3A7-8203DFB3A399}.Release|Any CPU.Build.0 = Release|Any CPU
		{4745B76C-4088-4237-AF4F-0911F5129C74}.Debug|Any CPU.ActiveCfg = Debug|Any CPU
		{4745B76C-4088-4237-AF4F-0911F5129C74}.Debug|Any CPU.Build.0 = Debug|Any CPU
		{4745B76C-4088-4237-AF4F-0911F5129C74}.Release|Any CPU.ActiveCfg = Release|Any CPU
		{4745B76C-4088-4237-AF4F-0911F5129C74}.Release|Any CPU.Build.0 = Release|Any CPU
		{7784F2B0-9500-48EA-85E2-ABA7C0D74D5F}.Debug|Any CPU.ActiveCfg = Debug|Any CPU
		{7784F2B0-9500-48EA-85E2-ABA7C0D74D5F}.Debug|Any CPU.Build.0 = Debug|Any CPU
		{7784F2B0-9500-48EA-85E2-ABA7C0D74D5F}.Release|Any CPU.ActiveCfg = Release|Any CPU
		{7784F2B0-9500-48EA-85E2-ABA7C0D74D5F}.Release|Any CPU.Build.0 = Release|Any CPU
		{0B5ECF29-345A-4B52-98A8-C0FC551494E4}.Debug|Any CPU.ActiveCfg = Debug|Any CPU
		{0B5ECF29-345A-4B52-98A8-C0FC551494E4}.Debug|Any CPU.Build.0 = Debug|Any CPU
		{0B5ECF29-345A-4B52-98A8-C0FC551494E4}.Release|Any CPU.ActiveCfg = Release|Any CPU
		{0B5ECF29-345A-4B52-98A8-C0FC551494E4}.Release|Any CPU.Build.0 = Release|Any CPU
		{2C2347DE-4BD5-459F-A157-EE7AD2B06657}.Debug|Any CPU.ActiveCfg = Debug|Any CPU
		{2C2347DE-4BD5-459F-A157-EE7AD2B06657}.Debug|Any CPU.Build.0 = Debug|Any CPU
		{2C2347DE-4BD5-459F-A157-EE7AD2B06657}.Release|Any CPU.ActiveCfg = Release|Any CPU
		{2C2347DE-4BD5-459F-A157-EE7AD2B06657}.Release|Any CPU.Build.0 = Release|Any CPU
		{F45CF885-3382-4D29-907F-B070D7F01B71}.Debug|Any CPU.ActiveCfg = Debug|Any CPU
		{F45CF885-3382-4D29-907F-B070D7F01B71}.Debug|Any CPU.Build.0 = Debug|Any CPU
		{F45CF885-3382-4D29-907F-B070D7F01B71}.Release|Any CPU.ActiveCfg = Release|Any CPU
		{F45CF885-3382-4D29-907F-B070D7F01B71}.Release|Any CPU.Build.0 = Release|Any CPU
		{473C8CFC-82D2-4286-9A6C-9ABDAC2B4020}.Debug|Any CPU.ActiveCfg = Debug|Any CPU
		{473C8CFC-82D2-4286-9A6C-9ABDAC2B4020}.Debug|Any CPU.Build.0 = Debug|Any CPU
		{473C8CFC-82D2-4286-9A6C-9ABDAC2B4020}.Release|Any CPU.ActiveCfg = Release|Any CPU
		{473C8CFC-82D2-4286-9A6C-9ABDAC2B4020}.Release|Any CPU.Build.0 = Release|Any CPU
		{62A61362-E216-40B3-8F50-0204FD112493}.Debug|Any CPU.ActiveCfg = Debug|Any CPU
		{62A61362-E216-40B3-8F50-0204FD112493}.Debug|Any CPU.Build.0 = Debug|Any CPU
		{62A61362-E216-40B3-8F50-0204FD112493}.Release|Any CPU.ActiveCfg = Release|Any CPU
		{62A61362-E216-40B3-8F50-0204FD112493}.Release|Any CPU.Build.0 = Release|Any CPU
		{9BC69B1C-6DBD-4C69-ABF6-25DE9F02F93E}.Debug|Any CPU.ActiveCfg = Debug|Any CPU
		{9BC69B1C-6DBD-4C69-ABF6-25DE9F02F93E}.Debug|Any CPU.Build.0 = Debug|Any CPU
		{9BC69B1C-6DBD-4C69-ABF6-25DE9F02F93E}.Release|Any CPU.ActiveCfg = Release|Any CPU
		{9BC69B1C-6DBD-4C69-ABF6-25DE9F02F93E}.Release|Any CPU.Build.0 = Release|Any CPU
		{4024F092-9478-4123-91BF-29A7FED6A943}.Debug|Any CPU.ActiveCfg = Debug|Any CPU
		{4024F092-9478-4123-91BF-29A7FED6A943}.Debug|Any CPU.Build.0 = Debug|Any CPU
		{4024F092-9478-4123-91BF-29A7FED6A943}.Release|Any CPU.ActiveCfg = Release|Any CPU
		{4024F092-9478-4123-91BF-29A7FED6A943}.Release|Any CPU.Build.0 = Release|Any CPU
		{C83D0036-EB52-4D39-9EA4-90A9DCFCA386}.Debug|Any CPU.ActiveCfg = Debug|Any CPU
		{C83D0036-EB52-4D39-9EA4-90A9DCFCA386}.Debug|Any CPU.Build.0 = Debug|Any CPU
		{C83D0036-EB52-4D39-9EA4-90A9DCFCA386}.Release|Any CPU.ActiveCfg = Release|Any CPU
		{C83D0036-EB52-4D39-9EA4-90A9DCFCA386}.Release|Any CPU.Build.0 = Release|Any CPU
		{C13005B2-4FB6-40C4-9000-1475629E9270}.Debug|Any CPU.ActiveCfg = Debug|Any CPU
		{C13005B2-4FB6-40C4-9000-1475629E9270}.Debug|Any CPU.Build.0 = Debug|Any CPU
		{C13005B2-4FB6-40C4-9000-1475629E9270}.Release|Any CPU.ActiveCfg = Release|Any CPU
		{C13005B2-4FB6-40C4-9000-1475629E9270}.Release|Any CPU.Build.0 = Release|Any CPU
	EndGlobalSection
	GlobalSection(SolutionProperties) = preSolution
		HideSolutionNode = FALSE
	EndGlobalSection
EndGlobal
